// !$*UTF8*$!
{
	archiveVersion = 1;
	classes = {
	};
	objectVersion = 46;
	objects = {

/* Begin PBXBuildFile section */
		000A36D61C01362600982D8B /* grey_locator.png in Resources */ = {isa = PBXBuildFile; fileRef = 000A36D31C01362600982D8B /* grey_locator.png */; };
		000A36D71C01362600982D8B /* orange_locator.png in Resources */ = {isa = PBXBuildFile; fileRef = 000A36D41C01362600982D8B /* orange_locator.png */; };
		000A36D81C01362600982D8B /* teal_locator.png in Resources */ = {isa = PBXBuildFile; fileRef = 000A36D51C01362600982D8B /* teal_locator.png */; };
		000A36DA1C013BC900982D8B /* POI1ViewController.swift in Sources */ = {isa = PBXBuildFile; fileRef = 000A36D91C013BC900982D8B /* POI1ViewController.swift */; };
		000A36DC1C013D7200982D8B /* Map2ViewController.swift in Sources */ = {isa = PBXBuildFile; fileRef = 000A36DB1C013D7200982D8B /* Map2ViewController.swift */; };
		000A36DE1C01407600982D8B /* POI2ViewController.swift in Sources */ = {isa = PBXBuildFile; fileRef = 000A36DD1C01407600982D8B /* POI2ViewController.swift */; };
		000A36E01C0141B500982D8B /* Map1b.png in Resources */ = {isa = PBXBuildFile; fileRef = 000A36DF1C0141B500982D8B /* Map1b.png */; };
		000A36E21C0145C800982D8B /* Map3ViewController.swift in Sources */ = {isa = PBXBuildFile; fileRef = 000A36E11C0145C800982D8B /* Map3ViewController.swift */; };
		000A36E61C01469F00982D8B /* Map1c.png in Resources */ = {isa = PBXBuildFile; fileRef = 000A36E31C01469E00982D8B /* Map1c.png */; };
		000A36E71C01469F00982D8B /* Map1d.png in Resources */ = {isa = PBXBuildFile; fileRef = 000A36E41C01469E00982D8B /* Map1d.png */; };
		000A36E81C01469F00982D8B /* Map1e.png in Resources */ = {isa = PBXBuildFile; fileRef = 000A36E51C01469E00982D8B /* Map1e.png */; };
		000A36EA1C0148AB00982D8B /* POI3ViewController.swift in Sources */ = {isa = PBXBuildFile; fileRef = 000A36E91C0148AB00982D8B /* POI3ViewController.swift */; };
		000A36EC1C01498E00982D8B /* Map4ViewController.swift in Sources */ = {isa = PBXBuildFile; fileRef = 000A36EB1C01498E00982D8B /* Map4ViewController.swift */; };
		000A36EE1C014BE200982D8B /* POI4ViewController.swift in Sources */ = {isa = PBXBuildFile; fileRef = 000A36ED1C014BE200982D8B /* POI4ViewController.swift */; };
		000A36F01C014BF900982D8B /* Map5ViewController.swift in Sources */ = {isa = PBXBuildFile; fileRef = 000A36EF1C014BF900982D8B /* Map5ViewController.swift */; };
		009B11EF1BFEF79E000457D5 /* HomeScreenViewController.swift in Sources */ = {isa = PBXBuildFile; fileRef = 009B11EE1BFEF79E000457D5 /* HomeScreenViewController.swift */; };
		009B11F11BFEF863000457D5 /* ResultsViewController.swift in Sources */ = {isa = PBXBuildFile; fileRef = 009B11F01BFEF863000457D5 /* ResultsViewController.swift */; };
		00B1DEBE1BFED1B800A0F31D /* Home w_ buttons.png in Resources */ = {isa = PBXBuildFile; fileRef = 00B1DEBD1BFED1B800A0F31D /* Home w_ buttons.png */; };
		00B1DEC01BFED5FB00A0F31D /* Results.png in Resources */ = {isa = PBXBuildFile; fileRef = 00B1DEBF1BFED5FB00A0F31D /* Results.png */; };
		35B4FB321BFE7FEA001B83C1 /* Artboard 1.png in Resources */ = {isa = PBXBuildFile; fileRef = 35B4FB281BFE7FEA001B83C1 /* Artboard 1.png */; };
		35B4FB331BFE7FEA001B83C1 /* Artboard 2.png in Resources */ = {isa = PBXBuildFile; fileRef = 35B4FB291BFE7FEA001B83C1 /* Artboard 2.png */; };
		35B4FB341BFE7FEA001B83C1 /* Artboard 3.png in Resources */ = {isa = PBXBuildFile; fileRef = 35B4FB2A1BFE7FEA001B83C1 /* Artboard 3.png */; };
		35B4FB351BFE7FEA001B83C1 /* Artboard 4.png in Resources */ = {isa = PBXBuildFile; fileRef = 35B4FB2B1BFE7FEA001B83C1 /* Artboard 4.png */; };
		35B4FB361BFE7FEA001B83C1 /* Artboard 5.png in Resources */ = {isa = PBXBuildFile; fileRef = 35B4FB2C1BFE7FEA001B83C1 /* Artboard 5.png */; };
		35B4FB371BFE7FEA001B83C1 /* Artboard 6.png in Resources */ = {isa = PBXBuildFile; fileRef = 35B4FB2D1BFE7FEA001B83C1 /* Artboard 6.png */; };
		35B4FB381BFE7FEA001B83C1 /* Artboard 7.png in Resources */ = {isa = PBXBuildFile; fileRef = 35B4FB2E1BFE7FEA001B83C1 /* Artboard 7.png */; };
		35B4FB391BFE7FEA001B83C1 /* Artboard 8.png in Resources */ = {isa = PBXBuildFile; fileRef = 35B4FB2F1BFE7FEA001B83C1 /* Artboard 8.png */; };
		35B4FB3A1BFE7FEA001B83C1 /* Artboard 9.png in Resources */ = {isa = PBXBuildFile; fileRef = 35B4FB301BFE7FEA001B83C1 /* Artboard 9.png */; };
		35B4FB3B1BFE7FEA001B83C1 /* Artboard 10.png in Resources */ = {isa = PBXBuildFile; fileRef = 35B4FB311BFE7FEA001B83C1 /* Artboard 10.png */; };
		8644E4EE1BFFF60900EA73FA /* QuartzCore.framework in Frameworks */ = {isa = PBXBuildFile; fileRef = 8644E4ED1BFFF60900EA73FA /* QuartzCore.framework */; };
		8644E4F01BFFFD3400EA73FA /* TopResultsViewController.swift in Sources */ = {isa = PBXBuildFile; fileRef = 8644E4EF1BFFFD3400EA73FA /* TopResultsViewController.swift */; };
		8644E4F21C00044C00EA73FA /* Home w: blankbuttons.png in Resources */ = {isa = PBXBuildFile; fileRef = 8644E4F11C00044C00EA73FA /* Home w: blankbuttons.png */; };
		8644E4F41C00059600EA73FA /* Results blank buttons.png in Resources */ = {isa = PBXBuildFile; fileRef = 8644E4F31C00059600EA73FA /* Results blank buttons.png */; };
		8644E4F61C0006BE00EA73FA /* Popular Results.png in Resources */ = {isa = PBXBuildFile; fileRef = 8644E4F51C0006BE00EA73FA /* Popular Results.png */; };
		8644E4F91C000BF200EA73FA /* Popular Results white buttons.png in Resources */ = {isa = PBXBuildFile; fileRef = 8644E4F71C000BF200EA73FA /* Popular Results white buttons.png */; };
		8644E4FA1C000BF200EA73FA /* Results personalized tour.png in Resources */ = {isa = PBXBuildFile; fileRef = 8644E4F81C000BF200EA73FA /* Results personalized tour.png */; };
		8644E4FC1C00F55E00EA73FA /* Artboard Blank.png in Resources */ = {isa = PBXBuildFile; fileRef = 8644E4FB1C00F55E00EA73FA /* Artboard Blank.png */; };
		8644E4FE1C00F7E500EA73FA /* MapViewController.swift in Sources */ = {isa = PBXBuildFile; fileRef = 8644E4FD1C00F7E500EA73FA /* MapViewController.swift */; };
		86B9A8091C0C1497008B7050 /* Map6ViewController.swift in Sources */ = {isa = PBXBuildFile; fileRef = 86B9A8081C0C1497008B7050 /* Map6ViewController.swift */; };
		86CEB81D1C012C6C00D900AC /* Map1a.png in Resources */ = {isa = PBXBuildFile; fileRef = 86CEB81C1C012C6C00D900AC /* Map1a.png */; };
		CC2D002B1AF1D31400AF5C5F /* AppDelegate.swift in Sources */ = {isa = PBXBuildFile; fileRef = CC2D002A1AF1D31400AF5C5F /* AppDelegate.swift */; };
		CC2D002D1AF1D31400AF5C5F /* ViewController.swift in Sources */ = {isa = PBXBuildFile; fileRef = CC2D002C1AF1D31400AF5C5F /* ViewController.swift */; };
		CC2D00301AF1D31400AF5C5F /* Main.storyboard in Resources */ = {isa = PBXBuildFile; fileRef = CC2D002E1AF1D31400AF5C5F /* Main.storyboard */; };
		CC2D00321AF1D31400AF5C5F /* Images.xcassets in Resources */ = {isa = PBXBuildFile; fileRef = CC2D00311AF1D31400AF5C5F /* Images.xcassets */; };
		CC2D00351AF1D31400AF5C5F /* LaunchScreen.xib in Resources */ = {isa = PBXBuildFile; fileRef = CC2D00331AF1D31400AF5C5F /* LaunchScreen.xib */; };
		CC2D00411AF1D31400AF5C5F /* TinderSwipeCardsSwiftTests.swift in Sources */ = {isa = PBXBuildFile; fileRef = CC2D00401AF1D31400AF5C5F /* TinderSwipeCardsSwiftTests.swift */; };
		CC2D004B1AF1D3FA00AF5C5F /* DraggableView.swift in Sources */ = {isa = PBXBuildFile; fileRef = CC2D004A1AF1D3FA00AF5C5F /* DraggableView.swift */; };
		CC2D004D1AF1D70D00AF5C5F /* OverlayView.swift in Sources */ = {isa = PBXBuildFile; fileRef = CC2D004C1AF1D70D00AF5C5F /* OverlayView.swift */; };
		CC2D004F1AF2107800AF5C5F /* DraggableViewBackground.swift in Sources */ = {isa = PBXBuildFile; fileRef = CC2D004E1AF2107800AF5C5F /* DraggableViewBackground.swift */; };
/* End PBXBuildFile section */

/* Begin PBXContainerItemProxy section */
		CC2D003B1AF1D31400AF5C5F /* PBXContainerItemProxy */ = {
			isa = PBXContainerItemProxy;
			containerPortal = CC2D001D1AF1D31400AF5C5F /* Project object */;
			proxyType = 1;
			remoteGlobalIDString = CC2D00241AF1D31400AF5C5F;
			remoteInfo = TinderSwipeCardsSwift;
		};
/* End PBXContainerItemProxy section */

/* Begin PBXFileReference section */
		000A36D31C01362600982D8B /* grey_locator.png */ = {isa = PBXFileReference; lastKnownFileType = image.png; path = grey_locator.png; sourceTree = "<group>"; };
		000A36D41C01362600982D8B /* orange_locator.png */ = {isa = PBXFileReference; lastKnownFileType = image.png; path = orange_locator.png; sourceTree = "<group>"; };
		000A36D51C01362600982D8B /* teal_locator.png */ = {isa = PBXFileReference; lastKnownFileType = image.png; path = teal_locator.png; sourceTree = "<group>"; };
		000A36D91C013BC900982D8B /* POI1ViewController.swift */ = {isa = PBXFileReference; fileEncoding = 4; lastKnownFileType = sourcecode.swift; path = POI1ViewController.swift; sourceTree = "<group>"; };
		000A36DB1C013D7200982D8B /* Map2ViewController.swift */ = {isa = PBXFileReference; fileEncoding = 4; lastKnownFileType = sourcecode.swift; path = Map2ViewController.swift; sourceTree = "<group>"; };
		000A36DD1C01407600982D8B /* POI2ViewController.swift */ = {isa = PBXFileReference; fileEncoding = 4; lastKnownFileType = sourcecode.swift; path = POI2ViewController.swift; sourceTree = "<group>"; };
		000A36DF1C0141B500982D8B /* Map1b.png */ = {isa = PBXFileReference; lastKnownFileType = image.png; path = Map1b.png; sourceTree = "<group>"; };
		000A36E11C0145C800982D8B /* Map3ViewController.swift */ = {isa = PBXFileReference; fileEncoding = 4; lastKnownFileType = sourcecode.swift; path = Map3ViewController.swift; sourceTree = "<group>"; };
		000A36E31C01469E00982D8B /* Map1c.png */ = {isa = PBXFileReference; lastKnownFileType = image.png; path = Map1c.png; sourceTree = "<group>"; };
		000A36E41C01469E00982D8B /* Map1d.png */ = {isa = PBXFileReference; lastKnownFileType = image.png; path = Map1d.png; sourceTree = "<group>"; };
		000A36E51C01469E00982D8B /* Map1e.png */ = {isa = PBXFileReference; lastKnownFileType = image.png; path = Map1e.png; sourceTree = "<group>"; };
		000A36E91C0148AB00982D8B /* POI3ViewController.swift */ = {isa = PBXFileReference; fileEncoding = 4; lastKnownFileType = sourcecode.swift; path = POI3ViewController.swift; sourceTree = "<group>"; };
		000A36EB1C01498E00982D8B /* Map4ViewController.swift */ = {isa = PBXFileReference; fileEncoding = 4; lastKnownFileType = sourcecode.swift; path = Map4ViewController.swift; sourceTree = "<group>"; };
		000A36ED1C014BE200982D8B /* POI4ViewController.swift */ = {isa = PBXFileReference; fileEncoding = 4; lastKnownFileType = sourcecode.swift; path = POI4ViewController.swift; sourceTree = "<group>"; };
		000A36EF1C014BF900982D8B /* Map5ViewController.swift */ = {isa = PBXFileReference; fileEncoding = 4; lastKnownFileType = sourcecode.swift; path = Map5ViewController.swift; sourceTree = "<group>"; };
		009B11EE1BFEF79E000457D5 /* HomeScreenViewController.swift */ = {isa = PBXFileReference; fileEncoding = 4; lastKnownFileType = sourcecode.swift; path = HomeScreenViewController.swift; sourceTree = "<group>"; };
		009B11F01BFEF863000457D5 /* ResultsViewController.swift */ = {isa = PBXFileReference; fileEncoding = 4; lastKnownFileType = sourcecode.swift; path = ResultsViewController.swift; sourceTree = "<group>"; };
		00B1DEBD1BFED1B800A0F31D /* Home w_ buttons.png */ = {isa = PBXFileReference; lastKnownFileType = image.png; path = "Home w_ buttons.png"; sourceTree = SOURCE_ROOT; };
		00B1DEBF1BFED5FB00A0F31D /* Results.png */ = {isa = PBXFileReference; lastKnownFileType = image.png; path = Results.png; sourceTree = SOURCE_ROOT; };
		35B4FB281BFE7FEA001B83C1 /* Artboard 1.png */ = {isa = PBXFileReference; lastKnownFileType = image.png; path = "Artboard 1.png"; sourceTree = "<group>"; };
		35B4FB291BFE7FEA001B83C1 /* Artboard 2.png */ = {isa = PBXFileReference; lastKnownFileType = image.png; path = "Artboard 2.png"; sourceTree = "<group>"; };
		35B4FB2A1BFE7FEA001B83C1 /* Artboard 3.png */ = {isa = PBXFileReference; lastKnownFileType = image.png; path = "Artboard 3.png"; sourceTree = "<group>"; };
		35B4FB2B1BFE7FEA001B83C1 /* Artboard 4.png */ = {isa = PBXFileReference; lastKnownFileType = image.png; path = "Artboard 4.png"; sourceTree = "<group>"; };
		35B4FB2C1BFE7FEA001B83C1 /* Artboard 5.png */ = {isa = PBXFileReference; lastKnownFileType = image.png; path = "Artboard 5.png"; sourceTree = "<group>"; };
		35B4FB2D1BFE7FEA001B83C1 /* Artboard 6.png */ = {isa = PBXFileReference; lastKnownFileType = image.png; path = "Artboard 6.png"; sourceTree = "<group>"; };
		35B4FB2E1BFE7FEA001B83C1 /* Artboard 7.png */ = {isa = PBXFileReference; lastKnownFileType = image.png; path = "Artboard 7.png"; sourceTree = "<group>"; };
		35B4FB2F1BFE7FEA001B83C1 /* Artboard 8.png */ = {isa = PBXFileReference; lastKnownFileType = image.png; path = "Artboard 8.png"; sourceTree = "<group>"; };
		35B4FB301BFE7FEA001B83C1 /* Artboard 9.png */ = {isa = PBXFileReference; lastKnownFileType = image.png; path = "Artboard 9.png"; sourceTree = "<group>"; };
		35B4FB311BFE7FEA001B83C1 /* Artboard 10.png */ = {isa = PBXFileReference; lastKnownFileType = image.png; path = "Artboard 10.png"; sourceTree = "<group>"; };
		8644E4ED1BFFF60900EA73FA /* QuartzCore.framework */ = {isa = PBXFileReference; lastKnownFileType = wrapper.framework; name = QuartzCore.framework; path = System/Library/Frameworks/QuartzCore.framework; sourceTree = SDKROOT; };
		8644E4EF1BFFFD3400EA73FA /* TopResultsViewController.swift */ = {isa = PBXFileReference; fileEncoding = 4; lastKnownFileType = sourcecode.swift; path = TopResultsViewController.swift; sourceTree = "<group>"; };
		8644E4F11C00044C00EA73FA /* Home w: blankbuttons.png */ = {isa = PBXFileReference; lastKnownFileType = image.png; path = "Home w: blankbuttons.png"; sourceTree = "<group>"; };
		8644E4F31C00059600EA73FA /* Results blank buttons.png */ = {isa = PBXFileReference; lastKnownFileType = image.png; path = "Results blank buttons.png"; sourceTree = "<group>"; };
		8644E4F51C0006BE00EA73FA /* Popular Results.png */ = {isa = PBXFileReference; lastKnownFileType = image.png; path = "Popular Results.png"; sourceTree = "<group>"; };
		8644E4F71C000BF200EA73FA /* Popular Results white buttons.png */ = {isa = PBXFileReference; lastKnownFileType = image.png; path = "Popular Results white buttons.png"; sourceTree = "<group>"; };
		8644E4F81C000BF200EA73FA /* Results personalized tour.png */ = {isa = PBXFileReference; lastKnownFileType = image.png; path = "Results personalized tour.png"; sourceTree = "<group>"; };
		8644E4FB1C00F55E00EA73FA /* Artboard Blank.png */ = {isa = PBXFileReference; lastKnownFileType = image.png; path = "Artboard Blank.png"; sourceTree = "<group>"; };
		8644E4FD1C00F7E500EA73FA /* MapViewController.swift */ = {isa = PBXFileReference; fileEncoding = 4; lastKnownFileType = sourcecode.swift; path = MapViewController.swift; sourceTree = "<group>"; };
		86B9A8081C0C1497008B7050 /* Map6ViewController.swift */ = {isa = PBXFileReference; fileEncoding = 4; lastKnownFileType = sourcecode.swift; path = Map6ViewController.swift; sourceTree = "<group>"; };
		86CEB81C1C012C6C00D900AC /* Map1a.png */ = {isa = PBXFileReference; lastKnownFileType = image.png; path = Map1a.png; sourceTree = "<group>"; };
		CC2D00251AF1D31400AF5C5F /* TinderSwipeCardsSwift.app */ = {isa = PBXFileReference; explicitFileType = wrapper.application; includeInIndex = 0; path = TinderSwipeCardsSwift.app; sourceTree = BUILT_PRODUCTS_DIR; };
		CC2D00291AF1D31400AF5C5F /* Info.plist */ = {isa = PBXFileReference; lastKnownFileType = text.plist.xml; path = Info.plist; sourceTree = "<group>"; };
		CC2D002A1AF1D31400AF5C5F /* AppDelegate.swift */ = {isa = PBXFileReference; lastKnownFileType = sourcecode.swift; path = AppDelegate.swift; sourceTree = "<group>"; };
		CC2D002C1AF1D31400AF5C5F /* ViewController.swift */ = {isa = PBXFileReference; lastKnownFileType = sourcecode.swift; path = ViewController.swift; sourceTree = "<group>"; };
		CC2D002F1AF1D31400AF5C5F /* Base */ = {isa = PBXFileReference; lastKnownFileType = file.storyboard; name = Base; path = Base.lproj/Main.storyboard; sourceTree = "<group>"; };
		CC2D00311AF1D31400AF5C5F /* Images.xcassets */ = {isa = PBXFileReference; lastKnownFileType = folder.assetcatalog; path = Images.xcassets; sourceTree = "<group>"; };
		CC2D00341AF1D31400AF5C5F /* Base */ = {isa = PBXFileReference; lastKnownFileType = file.xib; name = Base; path = Base.lproj/LaunchScreen.xib; sourceTree = "<group>"; };
		CC2D003A1AF1D31400AF5C5F /* TinderSwipeCardsSwiftTests.xctest */ = {isa = PBXFileReference; explicitFileType = wrapper.cfbundle; includeInIndex = 0; path = TinderSwipeCardsSwiftTests.xctest; sourceTree = BUILT_PRODUCTS_DIR; };
		CC2D003F1AF1D31400AF5C5F /* Info.plist */ = {isa = PBXFileReference; lastKnownFileType = text.plist.xml; path = Info.plist; sourceTree = "<group>"; };
		CC2D00401AF1D31400AF5C5F /* TinderSwipeCardsSwiftTests.swift */ = {isa = PBXFileReference; lastKnownFileType = sourcecode.swift; path = TinderSwipeCardsSwiftTests.swift; sourceTree = "<group>"; };
		CC2D004A1AF1D3FA00AF5C5F /* DraggableView.swift */ = {isa = PBXFileReference; fileEncoding = 4; lastKnownFileType = sourcecode.swift; path = DraggableView.swift; sourceTree = "<group>"; };
		CC2D004C1AF1D70D00AF5C5F /* OverlayView.swift */ = {isa = PBXFileReference; fileEncoding = 4; lastKnownFileType = sourcecode.swift; path = OverlayView.swift; sourceTree = "<group>"; };
		CC2D004E1AF2107800AF5C5F /* DraggableViewBackground.swift */ = {isa = PBXFileReference; fileEncoding = 4; lastKnownFileType = sourcecode.swift; path = DraggableViewBackground.swift; sourceTree = "<group>"; };
/* End PBXFileReference section */

/* Begin PBXFrameworksBuildPhase section */
		CC2D00221AF1D31400AF5C5F /* Frameworks */ = {
			isa = PBXFrameworksBuildPhase;
			buildActionMask = 2147483647;
			files = (
			);
			runOnlyForDeploymentPostprocessing = 0;
		};
		CC2D00371AF1D31400AF5C5F /* Frameworks */ = {
			isa = PBXFrameworksBuildPhase;
			buildActionMask = 2147483647;
			files = (
				8644E4EE1BFFF60900EA73FA /* QuartzCore.framework in Frameworks */,
			);
			runOnlyForDeploymentPostprocessing = 0;
		};
/* End PBXFrameworksBuildPhase section */

/* Begin PBXGroup section */
		CC2D001C1AF1D31400AF5C5F = {
			isa = PBXGroup;
			children = (
				8644E4ED1BFFF60900EA73FA /* QuartzCore.framework */,
				CC2D00271AF1D31400AF5C5F /* TinderSwipeCardsSwift */,
				CC2D003D1AF1D31400AF5C5F /* TinderSwipeCardsSwiftTests */,
				CC2D00261AF1D31400AF5C5F /* Products */,
			);
			sourceTree = "<group>";
		};
		CC2D00261AF1D31400AF5C5F /* Products */ = {
			isa = PBXGroup;
			children = (
				CC2D00251AF1D31400AF5C5F /* TinderSwipeCardsSwift.app */,
				CC2D003A1AF1D31400AF5C5F /* TinderSwipeCardsSwiftTests.xctest */,
			);
			name = Products;
			sourceTree = "<group>";
		};
		CC2D00271AF1D31400AF5C5F /* TinderSwipeCardsSwift */ = {
			isa = PBXGroup;
			children = (
				000A36D31C01362600982D8B /* grey_locator.png */,
				000A36DF1C0141B500982D8B /* Map1b.png */,
				000A36D41C01362600982D8B /* orange_locator.png */,
				000A36D51C01362600982D8B /* teal_locator.png */,
				8644E4F31C00059600EA73FA /* Results blank buttons.png */,
				86CEB81C1C012C6C00D900AC /* Map1a.png */,
				8644E4FB1C00F55E00EA73FA /* Artboard Blank.png */,
				8644E4F51C0006BE00EA73FA /* Popular Results.png */,
				8644E4F11C00044C00EA73FA /* Home w: blankbuttons.png */,
				000A36E31C01469E00982D8B /* Map1c.png */,
				000A36E41C01469E00982D8B /* Map1d.png */,
				000A36E51C01469E00982D8B /* Map1e.png */,
				8644E4F71C000BF200EA73FA /* Popular Results white buttons.png */,
				8644E4F81C000BF200EA73FA /* Results personalized tour.png */,
				00B1DEBF1BFED5FB00A0F31D /* Results.png */,
				00B1DEBD1BFED1B800A0F31D /* Home w_ buttons.png */,
				35B4FB281BFE7FEA001B83C1 /* Artboard 1.png */,
				35B4FB291BFE7FEA001B83C1 /* Artboard 2.png */,
				35B4FB2A1BFE7FEA001B83C1 /* Artboard 3.png */,
				35B4FB2B1BFE7FEA001B83C1 /* Artboard 4.png */,
				35B4FB2C1BFE7FEA001B83C1 /* Artboard 5.png */,
				35B4FB2D1BFE7FEA001B83C1 /* Artboard 6.png */,
				35B4FB2E1BFE7FEA001B83C1 /* Artboard 7.png */,
				35B4FB2F1BFE7FEA001B83C1 /* Artboard 8.png */,
				35B4FB301BFE7FEA001B83C1 /* Artboard 9.png */,
				35B4FB311BFE7FEA001B83C1 /* Artboard 10.png */,
				CC2D002A1AF1D31400AF5C5F /* AppDelegate.swift */,
				CC2D002C1AF1D31400AF5C5F /* ViewController.swift */,
				CC2D004E1AF2107800AF5C5F /* DraggableViewBackground.swift */,
				CC2D004A1AF1D3FA00AF5C5F /* DraggableView.swift */,
				CC2D004C1AF1D70D00AF5C5F /* OverlayView.swift */,
				CC2D002E1AF1D31400AF5C5F /* Main.storyboard */,
				000A36EF1C014BF900982D8B /* Map5ViewController.swift */,
				000A36ED1C014BE200982D8B /* POI4ViewController.swift */,
				86B9A8081C0C1497008B7050 /* Map6ViewController.swift */,
				000A36EB1C01498E00982D8B /* Map4ViewController.swift */,
				000A36E91C0148AB00982D8B /* POI3ViewController.swift */,
				000A36E11C0145C800982D8B /* Map3ViewController.swift */,
				000A36DD1C01407600982D8B /* POI2ViewController.swift */,
				000A36DB1C013D7200982D8B /* Map2ViewController.swift */,
				000A36D91C013BC900982D8B /* POI1ViewController.swift */,
				8644E4FD1C00F7E500EA73FA /* MapViewController.swift */,
				009B11F01BFEF863000457D5 /* ResultsViewController.swift */,
				8644E4EF1BFFFD3400EA73FA /* TopResultsViewController.swift */,
				009B11EE1BFEF79E000457D5 /* HomeScreenViewController.swift */,
				CC2D00311AF1D31400AF5C5F /* Images.xcassets */,
				CC2D00331AF1D31400AF5C5F /* LaunchScreen.xib */,
				CC2D00281AF1D31400AF5C5F /* Supporting Files */,
			);
			path = TinderSwipeCardsSwift;
			sourceTree = "<group>";
		};
		CC2D00281AF1D31400AF5C5F /* Supporting Files */ = {
			isa = PBXGroup;
			children = (
				CC2D00291AF1D31400AF5C5F /* Info.plist */,
			);
			name = "Supporting Files";
			sourceTree = "<group>";
		};
		CC2D003D1AF1D31400AF5C5F /* TinderSwipeCardsSwiftTests */ = {
			isa = PBXGroup;
			children = (
				CC2D00401AF1D31400AF5C5F /* TinderSwipeCardsSwiftTests.swift */,
				CC2D003E1AF1D31400AF5C5F /* Supporting Files */,
			);
			path = TinderSwipeCardsSwiftTests;
			sourceTree = "<group>";
		};
		CC2D003E1AF1D31400AF5C5F /* Supporting Files */ = {
			isa = PBXGroup;
			children = (
				CC2D003F1AF1D31400AF5C5F /* Info.plist */,
			);
			name = "Supporting Files";
			sourceTree = "<group>";
		};
/* End PBXGroup section */

/* Begin PBXNativeTarget section */
		CC2D00241AF1D31400AF5C5F /* TinderSwipeCardsSwift */ = {
			isa = PBXNativeTarget;
			buildConfigurationList = CC2D00441AF1D31400AF5C5F /* Build configuration list for PBXNativeTarget "TinderSwipeCardsSwift" */;
			buildPhases = (
				CC2D00211AF1D31400AF5C5F /* Sources */,
				CC2D00221AF1D31400AF5C5F /* Frameworks */,
				CC2D00231AF1D31400AF5C5F /* Resources */,
			);
			buildRules = (
			);
			dependencies = (
			);
			name = TinderSwipeCardsSwift;
			productName = TinderSwipeCardsSwift;
			productReference = CC2D00251AF1D31400AF5C5F /* TinderSwipeCardsSwift.app */;
			productType = "com.apple.product-type.application";
		};
		CC2D00391AF1D31400AF5C5F /* TinderSwipeCardsSwiftTests */ = {
			isa = PBXNativeTarget;
			buildConfigurationList = CC2D00471AF1D31400AF5C5F /* Build configuration list for PBXNativeTarget "TinderSwipeCardsSwiftTests" */;
			buildPhases = (
				CC2D00361AF1D31400AF5C5F /* Sources */,
				CC2D00371AF1D31400AF5C5F /* Frameworks */,
				CC2D00381AF1D31400AF5C5F /* Resources */,
			);
			buildRules = (
			);
			dependencies = (
				CC2D003C1AF1D31400AF5C5F /* PBXTargetDependency */,
			);
			name = TinderSwipeCardsSwiftTests;
			productName = TinderSwipeCardsSwiftTests;
			productReference = CC2D003A1AF1D31400AF5C5F /* TinderSwipeCardsSwiftTests.xctest */;
			productType = "com.apple.product-type.bundle.unit-test";
		};
/* End PBXNativeTarget section */

/* Begin PBXProject section */
		CC2D001D1AF1D31400AF5C5F /* Project object */ = {
			isa = PBXProject;
			attributes = {
				LastUpgradeCheck = 0630;
				ORGANIZATIONNAME = gcweb;
				TargetAttributes = {
					CC2D00241AF1D31400AF5C5F = {
						CreatedOnToolsVersion = 6.3;
					};
					CC2D00391AF1D31400AF5C5F = {
						CreatedOnToolsVersion = 6.3;
						TestTargetID = CC2D00241AF1D31400AF5C5F;
					};
				};
			};
			buildConfigurationList = CC2D00201AF1D31400AF5C5F /* Build configuration list for PBXProject "TinderSwipeCardsSwift" */;
			compatibilityVersion = "Xcode 3.2";
			developmentRegion = English;
			hasScannedForEncodings = 0;
			knownRegions = (
				en,
				Base,
			);
			mainGroup = CC2D001C1AF1D31400AF5C5F;
			productRefGroup = CC2D00261AF1D31400AF5C5F /* Products */;
			projectDirPath = "";
			projectRoot = "";
			targets = (
				CC2D00241AF1D31400AF5C5F /* TinderSwipeCardsSwift */,
				CC2D00391AF1D31400AF5C5F /* TinderSwipeCardsSwiftTests */,
			);
		};
/* End PBXProject section */

/* Begin PBXResourcesBuildPhase section */
		CC2D00231AF1D31400AF5C5F /* Resources */ = {
			isa = PBXResourcesBuildPhase;
			buildActionMask = 2147483647;
			files = (
				000A36D81C01362600982D8B /* teal_locator.png in Resources */,
				8644E4F41C00059600EA73FA /* Results blank buttons.png in Resources */,
				CC2D00301AF1D31400AF5C5F /* Main.storyboard in Resources */,
				000A36E01C0141B500982D8B /* Map1b.png in Resources */,
				35B4FB321BFE7FEA001B83C1 /* Artboard 1.png in Resources */,
				35B4FB331BFE7FEA001B83C1 /* Artboard 2.png in Resources */,
				000A36D71C01362600982D8B /* orange_locator.png in Resources */,
				35B4FB391BFE7FEA001B83C1 /* Artboard 8.png in Resources */,
				35B4FB371BFE7FEA001B83C1 /* Artboard 6.png in Resources */,
				8644E4FC1C00F55E00EA73FA /* Artboard Blank.png in Resources */,
				8644E4F91C000BF200EA73FA /* Popular Results white buttons.png in Resources */,
				35B4FB351BFE7FEA001B83C1 /* Artboard 4.png in Resources */,
				35B4FB341BFE7FEA001B83C1 /* Artboard 3.png in Resources */,
				86CEB81D1C012C6C00D900AC /* Map1a.png in Resources */,
				35B4FB361BFE7FEA001B83C1 /* Artboard 5.png in Resources */,
				35B4FB381BFE7FEA001B83C1 /* Artboard 7.png in Resources */,
				000A36E61C01469F00982D8B /* Map1c.png in Resources */,
				35B4FB3A1BFE7FEA001B83C1 /* Artboard 9.png in Resources */,
				000A36D61C01362600982D8B /* grey_locator.png in Resources */,
				8644E4FA1C000BF200EA73FA /* Results personalized tour.png in Resources */,
				CC2D00351AF1D31400AF5C5F /* LaunchScreen.xib in Resources */,
				CC2D00321AF1D31400AF5C5F /* Images.xcassets in Resources */,
				8644E4F21C00044C00EA73FA /* Home w: blankbuttons.png in Resources */,
				00B1DEC01BFED5FB00A0F31D /* Results.png in Resources */,
				00B1DEBE1BFED1B800A0F31D /* Home w_ buttons.png in Resources */,
				000A36E81C01469F00982D8B /* Map1e.png in Resources */,
				35B4FB3B1BFE7FEA001B83C1 /* Artboard 10.png in Resources */,
				8644E4F61C0006BE00EA73FA /* Popular Results.png in Resources */,
				000A36E71C01469F00982D8B /* Map1d.png in Resources */,
			);
			runOnlyForDeploymentPostprocessing = 0;
		};
		CC2D00381AF1D31400AF5C5F /* Resources */ = {
			isa = PBXResourcesBuildPhase;
			buildActionMask = 2147483647;
			files = (
			);
			runOnlyForDeploymentPostprocessing = 0;
		};
/* End PBXResourcesBuildPhase section */

/* Begin PBXSourcesBuildPhase section */
		CC2D00211AF1D31400AF5C5F /* Sources */ = {
			isa = PBXSourcesBuildPhase;
			buildActionMask = 2147483647;
			files = (
				86B9A8091C0C1497008B7050 /* Map6ViewController.swift in Sources */,
				000A36DC1C013D7200982D8B /* Map2ViewController.swift in Sources */,
				000A36F01C014BF900982D8B /* Map5ViewController.swift in Sources */,
				CC2D004B1AF1D3FA00AF5C5F /* DraggableView.swift in Sources */,
				CC2D004D1AF1D70D00AF5C5F /* OverlayView.swift in Sources */,
				000A36E21C0145C800982D8B /* Map3ViewController.swift in Sources */,
				CC2D002D1AF1D31400AF5C5F /* ViewController.swift in Sources */,
				009B11F11BFEF863000457D5 /* ResultsViewController.swift in Sources */,
				8644E4FE1C00F7E500EA73FA /* MapViewController.swift in Sources */,
				CC2D002B1AF1D31400AF5C5F /* AppDelegate.swift in Sources */,
				8644E4F01BFFFD3400EA73FA /* TopResultsViewController.swift in Sources */,
				000A36EC1C01498E00982D8B /* Map4ViewController.swift in Sources */,
				000A36DE1C01407600982D8B /* POI2ViewController.swift in Sources */,
				000A36DA1C013BC900982D8B /* POI1ViewController.swift in Sources */,
				CC2D004F1AF2107800AF5C5F /* DraggableViewBackground.swift in Sources */,
				009B11EF1BFEF79E000457D5 /* HomeScreenViewController.swift in Sources */,
				000A36EE1C014BE200982D8B /* POI4ViewController.swift in Sources */,
				000A36EA1C0148AB00982D8B /* POI3ViewController.swift in Sources */,
			);
			runOnlyForDeploymentPostprocessing = 0;
		};
		CC2D00361AF1D31400AF5C5F /* Sources */ = {
			isa = PBXSourcesBuildPhase;
			buildActionMask = 2147483647;
			files = (
				CC2D00411AF1D31400AF5C5F /* TinderSwipeCardsSwiftTests.swift in Sources */,
			);
			runOnlyForDeploymentPostprocessing = 0;
		};
/* End PBXSourcesBuildPhase section */

/* Begin PBXTargetDependency section */
		CC2D003C1AF1D31400AF5C5F /* PBXTargetDependency */ = {
			isa = PBXTargetDependency;
			target = CC2D00241AF1D31400AF5C5F /* TinderSwipeCardsSwift */;
			targetProxy = CC2D003B1AF1D31400AF5C5F /* PBXContainerItemProxy */;
		};
/* End PBXTargetDependency section */

/* Begin PBXVariantGroup section */
		CC2D002E1AF1D31400AF5C5F /* Main.storyboard */ = {
			isa = PBXVariantGroup;
			children = (
				CC2D002F1AF1D31400AF5C5F /* Base */,
			);
			name = Main.storyboard;
			sourceTree = "<group>";
		};
		CC2D00331AF1D31400AF5C5F /* LaunchScreen.xib */ = {
			isa = PBXVariantGroup;
			children = (
				CC2D00341AF1D31400AF5C5F /* Base */,
			);
			name = LaunchScreen.xib;
			sourceTree = "<group>";
		};
/* End PBXVariantGroup section */

/* Begin XCBuildConfiguration section */
		CC2D00421AF1D31400AF5C5F /* Debug */ = {
			isa = XCBuildConfiguration;
			buildSettings = {
				ALWAYS_SEARCH_USER_PATHS = NO;
				CLANG_CXX_LANGUAGE_STANDARD = "gnu++0x";
				CLANG_CXX_LIBRARY = "libc++";
				CLANG_ENABLE_MODULES = YES;
				CLANG_ENABLE_OBJC_ARC = YES;
				CLANG_WARN_BOOL_CONVERSION = YES;
				CLANG_WARN_CONSTANT_CONVERSION = YES;
				CLANG_WARN_DIRECT_OBJC_ISA_USAGE = YES_ERROR;
				CLANG_WARN_EMPTY_BODY = YES;
				CLANG_WARN_ENUM_CONVERSION = YES;
				CLANG_WARN_INT_CONVERSION = YES;
				CLANG_WARN_OBJC_ROOT_CLASS = YES_ERROR;
				CLANG_WARN_UNREACHABLE_CODE = YES;
				CLANG_WARN__DUPLICATE_METHOD_MATCH = YES;
				"CODE_SIGN_IDENTITY[sdk=iphoneos*]" = "iPhone Developer";
				COPY_PHASE_STRIP = NO;
				DEBUG_INFORMATION_FORMAT = "dwarf-with-dsym";
				ENABLE_STRICT_OBJC_MSGSEND = YES;
				GCC_C_LANGUAGE_STANDARD = gnu99;
				GCC_DYNAMIC_NO_PIC = NO;
				GCC_NO_COMMON_BLOCKS = YES;
				GCC_OPTIMIZATION_LEVEL = 0;
				GCC_PREPROCESSOR_DEFINITIONS = (
					"DEBUG=1",
					"$(inherited)",
				);
				GCC_SYMBOLS_PRIVATE_EXTERN = NO;
				GCC_WARN_64_TO_32_BIT_CONVERSION = YES;
				GCC_WARN_ABOUT_RETURN_TYPE = YES_ERROR;
				GCC_WARN_UNDECLARED_SELECTOR = YES;
				GCC_WARN_UNINITIALIZED_AUTOS = YES_AGGRESSIVE;
				GCC_WARN_UNUSED_FUNCTION = YES;
				GCC_WARN_UNUSED_VARIABLE = YES;
				IPHONEOS_DEPLOYMENT_TARGET = 8.3;
				MTL_ENABLE_DEBUG_INFO = YES;
				ONLY_ACTIVE_ARCH = YES;
				SDKROOT = iphoneos;
				SWIFT_OPTIMIZATION_LEVEL = "-Onone";
				TARGETED_DEVICE_FAMILY = "1,2";
			};
			name = Debug;
		};
		CC2D00431AF1D31400AF5C5F /* Release */ = {
			isa = XCBuildConfiguration;
			buildSettings = {
				ALWAYS_SEARCH_USER_PATHS = NO;
				CLANG_CXX_LANGUAGE_STANDARD = "gnu++0x";
				CLANG_CXX_LIBRARY = "libc++";
				CLANG_ENABLE_MODULES = YES;
				CLANG_ENABLE_OBJC_ARC = YES;
				CLANG_WARN_BOOL_CONVERSION = YES;
				CLANG_WARN_CONSTANT_CONVERSION = YES;
				CLANG_WARN_DIRECT_OBJC_ISA_USAGE = YES_ERROR;
				CLANG_WARN_EMPTY_BODY = YES;
				CLANG_WARN_ENUM_CONVERSION = YES;
				CLANG_WARN_INT_CONVERSION = YES;
				CLANG_WARN_OBJC_ROOT_CLASS = YES_ERROR;
				CLANG_WARN_UNREACHABLE_CODE = YES;
				CLANG_WARN__DUPLICATE_METHOD_MATCH = YES;
				"CODE_SIGN_IDENTITY[sdk=iphoneos*]" = "iPhone Developer";
				COPY_PHASE_STRIP = NO;
				DEBUG_INFORMATION_FORMAT = "dwarf-with-dsym";
				ENABLE_NS_ASSERTIONS = NO;
				ENABLE_STRICT_OBJC_MSGSEND = YES;
				GCC_C_LANGUAGE_STANDARD = gnu99;
				GCC_NO_COMMON_BLOCKS = YES;
				GCC_WARN_64_TO_32_BIT_CONVERSION = YES;
				GCC_WARN_ABOUT_RETURN_TYPE = YES_ERROR;
				GCC_WARN_UNDECLARED_SELECTOR = YES;
				GCC_WARN_UNINITIALIZED_AUTOS = YES_AGGRESSIVE;
				GCC_WARN_UNUSED_FUNCTION = YES;
				GCC_WARN_UNUSED_VARIABLE = YES;
				IPHONEOS_DEPLOYMENT_TARGET = 8.3;
				MTL_ENABLE_DEBUG_INFO = NO;
				SDKROOT = iphoneos;
				TARGETED_DEVICE_FAMILY = "1,2";
				VALIDATE_PRODUCT = YES;
			};
			name = Release;
		};
		CC2D00451AF1D31400AF5C5F /* Debug */ = {
			isa = XCBuildConfiguration;
			buildSettings = {
				ASSETCATALOG_COMPILER_APPICON_NAME = AppIcon;
				INFOPLIST_FILE = TinderSwipeCardsSwift/Info.plist;
				IPHONEOS_DEPLOYMENT_TARGET = 8.2;
				LD_RUNPATH_SEARCH_PATHS = "$(inherited) @executable_path/Frameworks";
				PRODUCT_NAME = "$(TARGET_NAME)";
				SDKROOT = iphoneos;
				TARGETED_DEVICE_FAMILY = 1;
			};
			name = Debug;
		};
		CC2D00461AF1D31400AF5C5F /* Release */ = {
			isa = XCBuildConfiguration;
			buildSettings = {
				ASSETCATALOG_COMPILER_APPICON_NAME = AppIcon;
				INFOPLIST_FILE = TinderSwipeCardsSwift/Info.plist;
				IPHONEOS_DEPLOYMENT_TARGET = 8.2;
				LD_RUNPATH_SEARCH_PATHS = "$(inherited) @executable_path/Frameworks";
				PRODUCT_NAME = "$(TARGET_NAME)";
				SDKROOT = iphoneos;
				TARGETED_DEVICE_FAMILY = 1;
			};
			name = Release;
		};
		CC2D00481AF1D31400AF5C5F /* Debug */ = {
			isa = XCBuildConfiguration;
			buildSettings = {
				BUNDLE_LOADER = "$(TEST_HOST)";
				FRAMEWORK_SEARCH_PATHS = (
					"$(SDKROOT)/Developer/Library/Frameworks",
					"$(inherited)",
				);
				GCC_PREPROCESSOR_DEFINITIONS = (
					"DEBUG=1",
					"$(inherited)",
				);
				INFOPLIST_FILE = TinderSwipeCardsSwiftTests/Info.plist;
				LD_RUNPATH_SEARCH_PATHS = "$(inherited) @executable_path/Frameworks @loader_path/Frameworks";
				PRODUCT_NAME = "$(TARGET_NAME)";
				TEST_HOST = "$(BUILT_PRODUCTS_DIR)/TinderSwipeCardsSwift.app/TinderSwipeCardsSwift";
			};
			name = Debug;
		};
		CC2D00491AF1D31400AF5C5F /* Release */ = {
			isa = XCBuildConfiguration;
			buildSettings = {
				BUNDLE_LOADER = "$(TEST_HOST)";
				FRAMEWORK_SEARCH_PATHS = (
					"$(SDKROOT)/Developer/Library/Frameworks",
					"$(inherited)",
				);
				INFOPLIST_FILE = TinderSwipeCardsSwiftTests/Info.plist;
				LD_RUNPATH_SEARCH_PATHS = "$(inherited) @executable_path/Frameworks @loader_path/Frameworks";
				PRODUCT_NAME = "$(TARGET_NAME)";
				TEST_HOST = "$(BUILT_PRODUCTS_DIR)/TinderSwipeCardsSwift.app/TinderSwipeCardsSwift";
			};
			name = Release;
		};
/* End XCBuildConfiguration section */

/* Begin XCConfigurationList section */
		CC2D00201AF1D31400AF5C5F /* Build configuration list for PBXProject "TinderSwipeCardsSwift" */ = {
			isa = XCConfigurationList;
			buildConfigurations = (
				CC2D00421AF1D31400AF5C5F /* Debug */,
				CC2D00431AF1D31400AF5C5F /* Release */,
			);
			defaultConfigurationIsVisible = 0;
			defaultConfigurationName = Release;
		};
		CC2D00441AF1D31400AF5C5F /* Build configuration list for PBXNativeTarget "TinderSwipeCardsSwift" */ = {
			isa = XCConfigurationList;
			buildConfigurations = (
				CC2D00451AF1D31400AF5C5F /* Debug */,
				CC2D00461AF1D31400AF5C5F /* Release */,
			);
			defaultConfigurationIsVisible = 0;
			defaultConfigurationName = Release;
		};
		CC2D00471AF1D31400AF5C5F /* Build configuration list for PBXNativeTarget "TinderSwipeCardsSwiftTests" */ = {
			isa = XCConfigurationList;
			buildConfigurations = (
				CC2D00481AF1D31400AF5C5F /* Debug */,
				CC2D00491AF1D31400AF5C5F /* Release */,
			);
			defaultConfigurationIsVisible = 0;
			defaultConfigurationName = Release;
		};
/* End XCConfigurationList section */
	};
	rootObject = CC2D001D1AF1D31400AF5C5F /* Project object */;
}
